
Microsoft Visual Studio Solution File, Format Version 12.00
# Visual Studio Version 17
VisualStudioVersion = 17.7.34202.233
MinimumVisualStudioVersion = 10.0.40219.1
Project("{9A19103F-16F7-4668-BE54-9A1E7A4F7556}") = "infolimpiadas.API", "infolimpiadas.API\infolimpiadas.API.csproj", "{39F79262-31C2-4B9C-8DFD-D10B1FCB87E2}"
EndProject
Project("{9A19103F-16F7-4668-BE54-9A1E7A4F7556}") = "infolimpiadas.Domain", "infolimpiadas.Domain\infolimpiadas.Domain.csproj", "{0C257E3F-7C3A-425C-AC4D-33FF7BB76CAB}"
EndProject
Project("{9A19103F-16F7-4668-BE54-9A1E7A4F7556}") = "infolimpiadas.Repository", "infolimpiadas.Repository\infolimpiadas.Repository.csproj", "{4E16A5DD-E977-4BCE-BD42-32B2CD5480AE}"
EndProject
Project("{9A19103F-16F7-4668-BE54-9A1E7A4F7556}") = "infolimpiadas.Service", "infolimpiadas.Service\infolimpiadas.Service.csproj", "{E9FCD5A0-C312-4E66-B7F8-99660A7A9739}"
EndProject
Project("{9A19103F-16F7-4668-BE54-9A1E7A4F7556}") = "infolimpiadas.Test", "infolimpiadas.Test\infolimpiadas.Test.csproj", "{069DD06D-C168-4328-8A97-DB3A146711E0}"
EndProject
Project("{FAE04EC0-301F-11D3-BF4B-00C04F79EFBC}") = "infolimpiadas.Infra", "infOlimpiadas.Infra\infolimpiadas.Infra.csproj", "{9784E53E-3374-4A96-8F59-8E1AE927D836}"
EndProject
Global
	GlobalSection(SolutionConfigurationPlatforms) = preSolution
		Debug|Any CPU = Debug|Any CPU
		Release|Any CPU = Release|Any CPU
	EndGlobalSection
	GlobalSection(ProjectConfigurationPlatforms) = postSolution
		{39F79262-31C2-4B9C-8DFD-D10B1FCB87E2}.Debug|Any CPU.ActiveCfg = Debug|Any CPU
		{39F79262-31C2-4B9C-8DFD-D10B1FCB87E2}.Debug|Any CPU.Build.0 = Debug|Any CPU
		{39F79262-31C2-4B9C-8DFD-D10B1FCB87E2}.Release|Any CPU.ActiveCfg = Release|Any CPU
		{39F79262-31C2-4B9C-8DFD-D10B1FCB87E2}.Release|Any CPU.Build.0 = Release|Any CPU
		{0C257E3F-7C3A-425C-AC4D-33FF7BB76CAB}.Debug|Any CPU.ActiveCfg = Debug|Any CPU
		{0C257E3F-7C3A-425C-AC4D-33FF7BB76CAB}.Debug|Any CPU.Build.0 = Debug|Any CPU
		{0C257E3F-7C3A-425C-AC4D-33FF7BB76CAB}.Release|Any CPU.ActiveCfg = Release|Any CPU
		{0C257E3F-7C3A-425C-AC4D-33FF7BB76CAB}.Release|Any CPU.Build.0 = Release|Any CPU
		{4E16A5DD-E977-4BCE-BD42-32B2CD5480AE}.Debug|Any CPU.ActiveCfg = Debug|Any CPU
		{4E16A5DD-E977-4BCE-BD42-32B2CD5480AE}.Debug|Any CPU.Build.0 = Debug|Any CPU
		{4E16A5DD-E977-4BCE-BD42-32B2CD5480AE}.Release|Any CPU.ActiveCfg = Release|Any CPU
		{4E16A5DD-E977-4BCE-BD42-32B2CD5480AE}.Release|Any CPU.Build.0 = Release|Any CPU
		{E9FCD5A0-C312-4E66-B7F8-99660A7A9739}.Debug|Any CPU.ActiveCfg = Debug|Any CPU
		{E9FCD5A0-C312-4E66-B7F8-99660A7A9739}.Debug|Any CPU.Build.0 = Debug|Any CPU
		{E9FCD5A0-C312-4E66-B7F8-99660A7A9739}.Release|Any CPU.ActiveCfg = Release|Any CPU
		{E9FCD5A0-C312-4E66-B7F8-99660A7A9739}.Release|Any CPU.Build.0 = Release|Any CPU
		{069DD06D-C168-4328-8A97-DB3A146711E0}.Debug|Any CPU.ActiveCfg = Debug|Any CPU
		{069DD06D-C168-4328-8A97-DB3A146711E0}.Debug|Any CPU.Build.0 = Debug|Any CPU
		{069DD06D-C168-4328-8A97-DB3A146711E0}.Release|Any CPU.ActiveCfg = Release|Any CPU
		{069DD06D-C168-4328-8A97-DB3A146711E0}.Release|Any CPU.Build.0 = Release|Any CPU
		{9784E53E-3374-4A96-8F59-8E1AE927D836}.Debug|Any CPU.ActiveCfg = Debug|Any CPU
		{9784E53E-3374-4A96-8F59-8E1AE927D836}.Debug|Any CPU.Build.0 = Debug|Any CPU
		{9784E53E-3374-4A96-8F59-8E1AE927D836}.Release|Any CPU.ActiveCfg = Release|Any CPU
		{9784E53E-3374-4A96-8F59-8E1AE927D836}.Release|Any CPU.Build.0 = Release|Any CPU
	EndGlobalSection
	GlobalSection(SolutionProperties) = preSolution
		HideSolutionNode = FALSE
	EndGlobalSection
	GlobalSection(ExtensibilityGlobals) = postSolution
		SolutionGuid = {4E844BA4-6FF8-41A3-9AB7-23BAEC8924A6}
	EndGlobalSection
EndGlobal
